
Microsoft Visual Studio Solution File, Format Version 12.00
# Visual Studio Version 17
VisualStudioVersion = 17.4.33205.214
MinimumVisualStudioVersion = 10.0.40219.1
Project("{9A19103F-16F7-4668-BE54-9A1E7A4F7556}") = "PatikaOdev4", "PatikaOdev1\PatikaOdev4.csproj", "{CEF0478B-8B09-4762-B9FF-2282130C50E8}"
EndProject
Global
	GlobalSection(SolutionConfigurationPlatforms) = preSolution
		Debug|Any CPU = Debug|Any CPU
		Release|Any CPU = Release|Any CPU
	EndGlobalSection
	GlobalSection(ProjectConfigurationPlatforms) = postSolution
		{CEF0478B-8B09-4762-B9FF-2282130C50E8}.Debug|Any CPU.ActiveCfg = Debug|Any CPU
		{CEF0478B-8B09-4762-B9FF-2282130C50E8}.Debug|Any CPU.Build.0 = Debug|Any CPU
		{CEF0478B-8B09-4762-B9FF-2282130C50E8}.Release|Any CPU.ActiveCfg = Release|Any CPU
		{CEF0478B-8B09-4762-B9FF-2282130C50E8}.Release|Any CPU.Build.0 = Release|Any CPU
	EndGlobalSection
	GlobalSection(SolutionProperties) = preSolution
		HideSolutionNode = FALSE
	EndGlobalSection
	GlobalSection(ExtensibilityGlobals) = postSolution
		SolutionGuid = {7BB81B65-2667-4B4B-BC13-60D8B8D1F213}
	EndGlobalSection
EndGlobal
